// !$*UTF8*$!
{
	archiveVersion = 1;
	classes = {
	};
	objectVersion = 46;
	objects = {

/* Begin PBXBuildFile section */
		F50A4FF71D38F11A0009C5CB /* AppDelegate.swift in Sources */ = {isa = PBXBuildFile; fileRef = F50A4FF61D38F11A0009C5CB /* AppDelegate.swift */; };
		F50A4FF91D38F11A0009C5CB /* ViewController.swift in Sources */ = {isa = PBXBuildFile; fileRef = F50A4FF81D38F11A0009C5CB /* ViewController.swift */; };
		F50A4FFC1D38F11A0009C5CB /* Main.storyboard in Resources */ = {isa = PBXBuildFile; fileRef = F50A4FFA1D38F11A0009C5CB /* Main.storyboard */; };
		F50A4FFE1D38F11A0009C5CB /* Assets.xcassets in Resources */ = {isa = PBXBuildFile; fileRef = F50A4FFD1D38F11A0009C5CB /* Assets.xcassets */; };
		F50A50011D38F11A0009C5CB /* LaunchScreen.storyboard in Resources */ = {isa = PBXBuildFile; fileRef = F50A4FFF1D38F11A0009C5CB /* LaunchScreen.storyboard */; };
		F50A500D1D38FB2D0009C5CB /* LQButton.swift in Sources */ = {isa = PBXBuildFile; fileRef = F50A500C1D38FB2D0009C5CB /* LQButton.swift */; };
/* End PBXBuildFile section */

/* Begin PBXFileReference section */
		F50A4FF31D38F11A0009C5CB /* LQButtonDemo.app */ = {isa = PBXFileReference; explicitFileType = wrapper.application; includeInIndex = 0; path = LQButtonDemo.app; sourceTree = BUILT_PRODUCTS_DIR; };
		F50A4FF61D38F11A0009C5CB /* AppDelegate.swift */ = {isa = PBXFileReference; lastKnownFileType = sourcecode.swift; path = AppDelegate.swift; sourceTree = "<group>"; };
		F50A4FF81D38F11A0009C5CB /* ViewController.swift */ = {isa = PBXFileReference; lastKnownFileType = sourcecode.swift; path = ViewController.swift; sourceTree = "<group>"; };
		F50A4FFB1D38F11A0009C5CB /* Base */ = {isa = PBXFileReference; lastKnownFileType = file.storyboard; name = Base; path = Base.lproj/Main.storyboard; sourceTree = "<group>"; };
		F50A4FFD1D38F11A0009C5CB /* Assets.xcassets */ = {isa = PBXFileReference; lastKnownFileType = folder.assetcatalog; path = Assets.xcassets; sourceTree = "<group>"; };
		F50A50001D38F11A0009C5CB /* Base */ = {isa = PBXFileReference; lastKnownFileType = file.storyboard; name = Base; path = Base.lproj/LaunchScreen.storyboard; sourceTree = "<group>"; };
		F50A50021D38F11A0009C5CB /* Info.plist */ = {isa = PBXFileReference; lastKnownFileType = text.plist.xml; path = Info.plist; sourceTree = "<group>"; };
		F50A500C1D38FB2D0009C5CB /* LQButton.swift */ = {isa = PBXFileReference; fileEncoding = 4; lastKnownFileType = sourcecode.swift; path = LQButton.swift; sourceTree = "<group>"; };
/* End PBXFileReference section */

/* Begin PBXFrameworksBuildPhase section */
		F50A4FF01D38F11A0009C5CB /* Frameworks */ = {
			isa = PBXFrameworksBuildPhase;
			buildActionMask = 2147483647;
			files = (
			);
			runOnlyForDeploymentPostprocessing = 0;
		};
/* End PBXFrameworksBuildPhase section */

/* Begin PBXGroup section */
		F50A4FEA1D38F11A0009C5CB = {
			isa = PBXGroup;
			children = (
				F50A4FF51D38F11A0009C5CB /* LQButtonDemo */,
				F50A4FF41D38F11A0009C5CB /* Products */,
			);
			sourceTree = "<group>";
		};
		F50A4FF41D38F11A0009C5CB /* Products */ = {
			isa = PBXGroup;
			children = (
				F50A4FF31D38F11A0009C5CB /* LQButtonDemo.app */,
			);
			name = Products;
			sourceTree = "<group>";
		};
		F50A4FF51D38F11A0009C5CB /* LQButtonDemo */ = {
			isa = PBXGroup;
			children = (
				F50A500B1D38FB2D0009C5CB /* LQButton */,
				F50A4FF61D38F11A0009C5CB /* AppDelegate.swift */,
				F50A4FF81D38F11A0009C5CB /* ViewController.swift */,
				F50A4FFA1D38F11A0009C5CB /* Main.storyboard */,
				F50A4FFD1D38F11A0009C5CB /* Assets.xcassets */,
				F50A4FFF1D38F11A0009C5CB /* LaunchScreen.storyboard */,
				F50A50021D38F11A0009C5CB /* Info.plist */,
			);
			path = LQButtonDemo;
			sourceTree = "<group>";
		};
		F50A500B1D38FB2D0009C5CB /* LQButton */ = {
			isa = PBXGroup;
			children = (
				F50A500C1D38FB2D0009C5CB /* LQButton.swift */,
			);
			path = LQButton;
			sourceTree = SOURCE_ROOT;
		};
/* End PBXGroup section */

/* Begin PBXNativeTarget section */
		F50A4FF21D38F11A0009C5CB /* LQButtonDemo */ = {
			isa = PBXNativeTarget;
			buildConfigurationList = F50A50051D38F11A0009C5CB /* Build configuration list for PBXNativeTarget "LQButtonDemo" */;
			buildPhases = (
				F50A4FEF1D38F11A0009C5CB /* Sources */,
				F50A4FF01D38F11A0009C5CB /* Frameworks */,
				F50A4FF11D38F11A0009C5CB /* Resources */,
			);
			buildRules = (
			);
			dependencies = (
			);
			name = LQButtonDemo;
			productName = LQButtonDemo;
			productReference = F50A4FF31D38F11A0009C5CB /* LQButtonDemo.app */;
			productType = "com.apple.product-type.application";
		};
/* End PBXNativeTarget section */

/* Begin PBXProject section */
		F50A4FEB1D38F11A0009C5CB /* Project object */ = {
			isa = PBXProject;
			attributes = {
				LastSwiftUpdateCheck = 0730;
				LastUpgradeCheck = 0730;
				ORGANIZATIONNAME = "liqing-xy";
				TargetAttributes = {
					F50A4FF21D38F11A0009C5CB = {
						CreatedOnToolsVersion = 7.3.1;
					};
				};
			};
			buildConfigurationList = F50A4FEE1D38F11A0009C5CB /* Build configuration list for PBXProject "LQButtonDemo" */;
			compatibilityVersion = "Xcode 3.2";
			developmentRegion = English;
			hasScannedForEncodings = 0;
			knownRegions = (
				en,
				Base,
			);
			mainGroup = F50A4FEA1D38F11A0009C5CB;
			productRefGroup = F50A4FF41D38F11A0009C5CB /* Products */;
			projectDirPath = "";
			projectRoot = "";
			targets = (
				F50A4FF21D38F11A0009C5CB /* LQButtonDemo */,
			);
		};
/* End PBXProject section */

/* Begin PBXResourcesBuildPhase section */
		F50A4FF11D38F11A0009C5CB /* Resources */ = {
			isa = PBXResourcesBuildPhase;
			buildActionMask = 2147483647;
			files = (
				F50A50011D38F11A0009C5CB /* LaunchScreen.storyboard in Resources */,
				F50A4FFE1D38F11A0009C5CB /* Assets.xcassets in Resources */,
				F50A4FFC1D38F11A0009C5CB /* Main.storyboard in Resources */,
			);
			runOnlyForDeploymentPostprocessing = 0;
		};
/* End PBXResourcesBuildPhase section */

/* Begin PBXSourcesBuildPhase section */
		F50A4FEF1D38F11A0009C5CB /* Sources */ = {
			isa = PBXSourcesBuildPhase;
			buildActionMask = 2147483647;
			files = (
				F50A4FF91D38F11A0009C5CB /* ViewController.swift in Sources */,
				F50A500D1D38FB2D0009C5CB /* LQButton.swift in Sources */,
				F50A4FF71D38F11A0009C5CB /* AppDelegate.swift in Sources */,
			);
			runOnlyForDeploymentPostprocessing = 0;
		};
/* End PBXSourcesBuildPhase section */

/* Begin PBXVariantGroup section */
		F50A4FFA1D38F11A0009C5CB /* Main.storyboard */ = {
			isa = PBXVariantGroup;
			children = (
				F50A4FFB1D38F11A0009C5CB /* Base */,
			);
			name = Main.storyboard;
			sourceTree = "<group>";
		};
		F50A4FFF1D38F11A0009C5CB /* LaunchScreen.storyboard */ = {
			isa = PBXVariantGroup;
			children = (
				F50A50001D38F11A0009C5CB /* Base */,
			);
			name = LaunchScreen.storyboard;
			sourceTree = "<group>";
		};
/* End PBXVariantGroup section */

/* Begin XCBuildConfiguration section */
		F50A50031D38F11A0009C5CB /* Debug */ = {
			isa = XCBuildConfiguration;
			buildSettings = {
				ALWAYS_SEARCH_USER_PATHS = NO;
				CLANG_ANALYZER_NONNULL = YES;
				CLANG_CXX_LANGUAGE_STANDARD = "gnu++0x";
				CLANG_CXX_LIBRARY = "libc++";
				CLANG_ENABLE_MODULES = YES;
				CLANG_ENABLE_OBJC_ARC = YES;
				CLANG_WARN_BOOL_CONVERSION = YES;
				CLANG_WARN_CONSTANT_CONVERSION = YES;
				CLANG_WARN_DIRECT_OBJC_ISA_USAGE = YES_ERROR;
				CLANG_WARN_EMPTY_BODY = YES;
				CLANG_WARN_ENUM_CONVERSION = YES;
				CLANG_WARN_INT_CONVERSION = YES;
				CLANG_WARN_OBJC_ROOT_CLASS = YES_ERROR;
				CLANG_WARN_UNREACHABLE_CODE = YES;
				CLANG_WARN__DUPLICATE_METHOD_MATCH = YES;
				"CODE_SIGN_IDENTITY[sdk=iphoneos*]" = "iPhone Developer";
				COPY_PHASE_STRIP = NO;
				DEBUG_INFORMATION_FORMAT = dwarf;
				ENABLE_STRICT_OBJC_MSGSEND = YES;
				ENABLE_TESTABILITY = YES;
				GCC_C_LANGUAGE_STANDARD = gnu99;
				GCC_DYNAMIC_NO_PIC = NO;
				GCC_NO_COMMON_BLOCKS = YES;
				GCC_OPTIMIZATION_LEVEL = 0;
				GCC_PREPROCESSOR_DEFINITIONS = (
					"DEBUG=1",
					"$(inherited)",
				);
				GCC_WARN_64_TO_32_BIT_CONVERSION = YES;
				GCC_WARN_ABOUT_RETURN_TYPE = YES_ERROR;
				GCC_WARN_UNDECLARED_SELECTOR = YES;
				GCC_WARN_UNINITIALIZED_AUTOS = YES_AGGRESSIVE;
				GCC_WARN_UNUSED_FUNCTION = YES;
				GCC_WARN_UNUSED_VARIABLE = YES;
				IPHONEOS_DEPLOYMENT_TARGET = 9.3;
				MTL_ENABLE_DEBUG_INFO = YES;
				ONLY_ACTIVE_ARCH = YES;
				SDKROOT = iphoneos;
				SWIFT_OPTIMIZATION_LEVEL = "-Onone";
			};
			name = Debug;
		};
		F50A50041D38F11A0009C5CB /* Release */ = {
			isa = XCBuildConfiguration;
			buildSettings = {
				ALWAYS_SEARCH_USER_PATHS = NO;
				CLANG_ANALYZER_NONNULL = YES;
				CLANG_CXX_LANGUAGE_STANDARD = "gnu++0x";
				CLANG_CXX_LIBRARY = "libc++";
				CLANG_ENABLE_MODULES = YES;
				CLANG_ENABLE_OBJC_ARC = YES;
				CLANG_WARN_BOOL_CONVERSION = YES;
				CLANG_WARN_CONSTANT_CONVERSION = YES;
				CLANG_WARN_DIRECT_OBJC_ISA_USAGE = YES_ERROR;
				CLANG_WARN_EMPTY_BODY = YES;
				CLANG_WARN_ENUM_CONVERSION = YES;
				CLANG_WARN_INT_CONVERSION = YES;
				CLANG_WARN_OBJC_ROOT_CLASS = YES_ERROR;
				CLANG_WARN_UNREACHABLE_CODE = YES;
				CLANG_WARN__DUPLICATE_METHOD_MATCH = YES;
				"CODE_SIGN_IDENTITY[sdk=iphoneos*]" = "iPhone Developer";
				COPY_PHASE_STRIP = NO;
				DEBUG_INFORMATION_FORMAT = "dwarf-with-dsym";
				ENABLE_NS_ASSERTIONS = NO;
				ENABLE_STRICT_OBJC_MSGSEND = YES;
				GCC_C_LANGUAGE_STANDARD = gnu99;
				GCC_NO_COMMON_BLOCKS = YES;
				GCC_WARN_64_TO_32_BIT_CONVERSION = YES;
				GCC_WARN_ABOUT_RETURN_TYPE = YES_ERROR;
				GCC_WARN_UNDECLARED_SELECTOR = YES;
				GCC_WARN_UNINITIALIZED_AUTOS = YES_AGGRESSIVE;
				GCC_WARN_UNUSED_FUNCTION = YES;
				GCC_WARN_UNUSED_VARIABLE = YES;
				IPHONEOS_DEPLOYMENT_TARGET = 9.3;
				MTL_ENABLE_DEBUG_INFO = NO;
				SDKROOT = iphoneos;
				VALIDATE_PRODUCT = YES;
			};
			name = Release;
		};
		F50A50061D38F11A0009C5CB /* Debug */ = {
			isa = XCBuildConfiguration;
			buildSettings = {
				ASSETCATALOG_COMPILER_APPICON_NAME = AppIcon;
				INFOPLIST_FILE = LQButtonDemo/Info.plist;
				LD_RUNPATH_SEARCH_PATHS = "$(inherited) @executable_path/Frameworks";
				PRODUCT_BUNDLE_IDENTIFIER = "liqing-xy.LQButtonDemo";
				PRODUCT_NAME = "$(TARGET_NAME)";
			};
			name = Debug;
		};
		F50A50071D38F11A0009C5CB /* Release */ = {
			isa = XCBuildConfiguration;
			buildSettings = {
				ASSETCATALOG_COMPILER_APPICON_NAME = AppIcon;
				INFOPLIST_FILE = LQButtonDemo/Info.plist;
				LD_RUNPATH_SEARCH_PATHS = "$(inherited) @executable_path/Frameworks";
				PRODUCT_BUNDLE_IDENTIFIER = "liqing-xy.LQButtonDemo";
				PRODUCT_NAME = "$(TARGET_NAME)";
			};
			name = Release;
		};
/* End XCBuildConfiguration section */

/* Begin XCConfigurationList section */
		F50A4FEE1D38F11A0009C5CB /* Build configuration list for PBXProject "LQButtonDemo" */ = {
			isa = XCConfigurationList;
			buildConfigurations = (
				F50A50031D38F11A0009C5CB /* Debug */,
				F50A50041D38F11A0009C5CB /* Release */,
			);
			defaultConfigurationIsVisible = 0;
			defaultConfigurationName = Release;
		};
		F50A50051D38F11A0009C5CB /* Build configuration list for PBXNativeTarget "LQButtonDemo" */ = {
			isa = XCConfigurationList;
			buildConfigurations = (
				F50A50061D38F11A0009C5CB /* Debug */,
				F50A50071D38F11A0009C5CB /* Release */,
			);
			defaultConfigurationIsVisible = 0;
			defaultConfigurationName = Release;
		};
/* End XCConfigurationList section */
	};
	rootObject = F50A4FEB1D38F11A0009C5CB /* Project object */;
}
